
Microsoft Visual Studio Solution File, Format Version 12.00
# Visual Studio Version 17
VisualStudioVersion = 17.8.34330.188
MinimumVisualStudioVersion = 10.0.40219.1
Project("{FAE04EC0-301F-11D3-BF4B-00C04F79EFBC}") = "SnackisApi", "SnackisApi\SnackisApi.csproj", "{7B2E3134-4F61-449A-8EAF-A6AC08589A6D}"
EndProject
Global
	GlobalSection(SolutionConfigurationPlatforms) = preSolution
		Debug|Any CPU = Debug|Any CPU
		Release|Any CPU = Release|Any CPU
	EndGlobalSection
	GlobalSection(ProjectConfigurationPlatforms) = postSolution
		{7B2E3134-4F61-449A-8EAF-A6AC08589A6D}.Debug|Any CPU.ActiveCfg = Debug|Any CPU
		{7B2E3134-4F61-449A-8EAF-A6AC08589A6D}.Debug|Any CPU.Build.0 = Debug|Any CPU
		{7B2E3134-4F61-449A-8EAF-A6AC08589A6D}.Release|Any CPU.ActiveCfg = Release|Any CPU
		{7B2E3134-4F61-449A-8EAF-A6AC08589A6D}.Release|Any CPU.Build.0 = Release|Any CPU
	EndGlobalSection
	GlobalSection(SolutionProperties) = preSolution
		HideSolutionNode = FALSE
	EndGlobalSection
	GlobalSection(ExtensibilityGlobals) = postSolution
		SolutionGuid = {D2D57ABE-9C2E-4094-871F-46F5CB879CA1}
	EndGlobalSection
EndGlobal
